# This file is autogenerated, do not edit; changes may be undone by the next 'dep ensure'.


[[projects]]
  branch = "master"
  name = "github.com/CzarSimon/diplo"
  packages = [
    "backend/pkg/id",
    "backend/pkg/province"
  ]
  revision = "f853c27eb2c2eff05d9cd0cf8c20719df6ab1a8e"

[[projects]]
  name = "github.com/satori/go.uuid"
  packages = ["."]
  revision = "f58768cc1a7a7e77a3bd49e98cdd21419399b6a3"
  version = "v1.2.0"

[solve-meta]
  analyzer-name = "dep"
  analyzer-version = 1
  inputs-digest = "5fffbee655573049183e44c448a832cca7d9a4e88f984b072246ed9666ded8cc"
  solver-name = "gps-cdcl"
  solver-version = 1
